// !$*UTF8*$!
{
	archiveVersion = 1;
	classes = {
	};
	objectVersion = 52;
	objects = {

/* Begin PBXBuildFile section */
		C153FF56251A15E300CD265D /* PageControl.swift in Sources */ = {isa = PBXBuildFile; fileRef = C153FF55251A15E300CD265D /* PageControl.swift */; };
		C153FF58251A165900CD265D /* ImageView.swift in Sources */ = {isa = PBXBuildFile; fileRef = C153FF57251A165900CD265D /* ImageView.swift */; };
		C153FF5A251A189F00CD265D /* Feeds.swift in Sources */ = {isa = PBXBuildFile; fileRef = C153FF59251A189F00CD265D /* Feeds.swift */; };
		C153FF5C251A1C4B00CD265D /* FeedDetailView.swift in Sources */ = {isa = PBXBuildFile; fileRef = C153FF5B251A1C4B00CD265D /* FeedDetailView.swift */; };
		C170E8BE250B5A2F001D49F5 /* FeedCard.swift in Sources */ = {isa = PBXBuildFile; fileRef = C170E8BD250B5A2F001D49F5 /* FeedCard.swift */; };
		C170E8C0250B85C4001D49F5 /* ImageCarousalView.swift in Sources */ = {isa = PBXBuildFile; fileRef = C170E8BF250B85C4001D49F5 /* ImageCarousalView.swift */; };
		C171B80E250BD8B1002F3BBB /* SFProText-Regular.ttf in Resources */ = {isa = PBXBuildFile; fileRef = C171B807250BD8B1002F3BBB /* SFProText-Regular.ttf */; };
		C171B80F250BD8B1002F3BBB /* SFProText-Semibold.ttf in Resources */ = {isa = PBXBuildFile; fileRef = C171B808250BD8B1002F3BBB /* SFProText-Semibold.ttf */; };
		C171B810250BD8B1002F3BBB /* SFProText-Bold.ttf in Resources */ = {isa = PBXBuildFile; fileRef = C171B809250BD8B1002F3BBB /* SFProText-Bold.ttf */; };
		C171B811250BD8B1002F3BBB /* SFProDisplay-Bold.ttf in Resources */ = {isa = PBXBuildFile; fileRef = C171B80A250BD8B1002F3BBB /* SFProDisplay-Bold.ttf */; };
		C171B812250BD8B1002F3BBB /* SFProText-RegularItalic.ttf in Resources */ = {isa = PBXBuildFile; fileRef = C171B80B250BD8B1002F3BBB /* SFProText-RegularItalic.ttf */; };
		C171B813250BD8B1002F3BBB /* SFProText-Medium.ttf in Resources */ = {isa = PBXBuildFile; fileRef = C171B80C250BD8B1002F3BBB /* SFProText-Medium.ttf */; };
		C171B814250BD8B1002F3BBB /* SFProText-BoldItalic.ttf in Resources */ = {isa = PBXBuildFile; fileRef = C171B80D250BD8B1002F3BBB /* SFProText-BoldItalic.ttf */; };
		C17C575D250A18F50014D71B /* AppDelegate.swift in Sources */ = {isa = PBXBuildFile; fileRef = C17C575C250A18F50014D71B /* AppDelegate.swift */; };
		C17C575F250A18F50014D71B /* SceneDelegate.swift in Sources */ = {isa = PBXBuildFile; fileRef = C17C575E250A18F50014D71B /* SceneDelegate.swift */; };
		C17C5761250A18F50014D71B /* ContentView.swift in Sources */ = {isa = PBXBuildFile; fileRef = C17C5760250A18F50014D71B /* ContentView.swift */; };
		C17C5763250A18FA0014D71B /* Assets.xcassets in Resources */ = {isa = PBXBuildFile; fileRef = C17C5762250A18FA0014D71B /* Assets.xcassets */; };
		C17C5766250A18FA0014D71B /* Preview Assets.xcassets in Resources */ = {isa = PBXBuildFile; fileRef = C17C5765250A18FA0014D71B /* Preview Assets.xcassets */; };
		C17C5769250A18FA0014D71B /* LaunchScreen.storyboard in Resources */ = {isa = PBXBuildFile; fileRef = C17C5767250A18FA0014D71B /* LaunchScreen.storyboard */; };
		C17C5774250A18FA0014D71B /* besomeone_nativeTests.swift in Sources */ = {isa = PBXBuildFile; fileRef = C17C5773250A18FA0014D71B /* besomeone_nativeTests.swift */; };
		C17C577F250A18FA0014D71B /* besomeone_nativeUITests.swift in Sources */ = {isa = PBXBuildFile; fileRef = C17C577E250A18FA0014D71B /* besomeone_nativeUITests.swift */; };
		C17C578D250A52BD0014D71B /* ApiCaller.swift in Sources */ = {isa = PBXBuildFile; fileRef = C17C578C250A52BD0014D71B /* ApiCaller.swift */; };
		C18242622521E03F004DE14A /* BottomTab.swift in Sources */ = {isa = PBXBuildFile; fileRef = C18242612521E03F004DE14A /* BottomTab.swift */; };
		C18242642521EEBD004DE14A /* Profile.swift in Sources */ = {isa = PBXBuildFile; fileRef = C18242632521EEBD004DE14A /* Profile.swift */; };
		C18242662521F802004DE14A /* SkillListTab.swift in Sources */ = {isa = PBXBuildFile; fileRef = C18242652521F802004DE14A /* SkillListTab.swift */; };
		C182426825220337004DE14A /* Structures.swift in Sources */ = {isa = PBXBuildFile; fileRef = C182426725220337004DE14A /* Structures.swift */; };
		C19A8FDE251C53CC00B9CDAE /* UserSettings.swift in Sources */ = {isa = PBXBuildFile; fileRef = C19A8FDD251C53CC00B9CDAE /* UserSettings.swift */; };
		C1C5C28A25185BC500710D18 /* Pages in Frameworks */ = {isa = PBXBuildFile; productRef = C1C5C28925185BC500710D18 /* Pages */; };
		C1C5C28D25188BD400710D18 /* URLImage in Frameworks */ = {isa = PBXBuildFile; productRef = C1C5C28C25188BD400710D18 /* URLImage */; };
		C1C5C28F2518B51400710D18 /* HostingController.swift in Sources */ = {isa = PBXBuildFile; fileRef = C1C5C28E2518B51400710D18 /* HostingController.swift */; };
		C1C620FC251B62A600DE3E8E /* ActiveLabel in Frameworks */ = {isa = PBXBuildFile; productRef = C1C620FB251B62A600DE3E8E /* ActiveLabel */; };
/* End PBXBuildFile section */

/* Begin PBXContainerItemProxy section */
		C17C5770250A18FA0014D71B /* PBXContainerItemProxy */ = {
			isa = PBXContainerItemProxy;
			containerPortal = C17C5751250A18F50014D71B /* Project object */;
			proxyType = 1;
			remoteGlobalIDString = C17C5758250A18F50014D71B;
			remoteInfo = "besomeone-native";
		};
		C17C577B250A18FA0014D71B /* PBXContainerItemProxy */ = {
			isa = PBXContainerItemProxy;
			containerPortal = C17C5751250A18F50014D71B /* Project object */;
			proxyType = 1;
			remoteGlobalIDString = C17C5758250A18F50014D71B;
			remoteInfo = "besomeone-native";
		};
/* End PBXContainerItemProxy section */

/* Begin PBXFileReference section */
		C153FF55251A15E300CD265D /* PageControl.swift */ = {isa = PBXFileReference; fileEncoding = 4; lastKnownFileType = sourcecode.swift; path = PageControl.swift; sourceTree = "<group>"; };
		C153FF57251A165900CD265D /* ImageView.swift */ = {isa = PBXFileReference; lastKnownFileType = sourcecode.swift; path = ImageView.swift; sourceTree = "<group>"; };
		C153FF59251A189F00CD265D /* Feeds.swift */ = {isa = PBXFileReference; lastKnownFileType = sourcecode.swift; path = Feeds.swift; sourceTree = "<group>"; };
		C153FF5B251A1C4B00CD265D /* FeedDetailView.swift */ = {isa = PBXFileReference; lastKnownFileType = sourcecode.swift; path = FeedDetailView.swift; sourceTree = "<group>"; usesTabs = 0; };
		C170E8BD250B5A2F001D49F5 /* FeedCard.swift */ = {isa = PBXFileReference; lastKnownFileType = sourcecode.swift; path = FeedCard.swift; sourceTree = "<group>"; };
		C170E8BF250B85C4001D49F5 /* ImageCarousalView.swift */ = {isa = PBXFileReference; lastKnownFileType = sourcecode.swift; path = ImageCarousalView.swift; sourceTree = "<group>"; };
		C171B807250BD8B1002F3BBB /* SFProText-Regular.ttf */ = {isa = PBXFileReference; lastKnownFileType = file; path = "SFProText-Regular.ttf"; sourceTree = "<group>"; };
		C171B808250BD8B1002F3BBB /* SFProText-Semibold.ttf */ = {isa = PBXFileReference; lastKnownFileType = file; path = "SFProText-Semibold.ttf"; sourceTree = "<group>"; };
		C171B809250BD8B1002F3BBB /* SFProText-Bold.ttf */ = {isa = PBXFileReference; lastKnownFileType = file; path = "SFProText-Bold.ttf"; sourceTree = "<group>"; };
		C171B80A250BD8B1002F3BBB /* SFProDisplay-Bold.ttf */ = {isa = PBXFileReference; lastKnownFileType = file; path = "SFProDisplay-Bold.ttf"; sourceTree = "<group>"; };
		C171B80B250BD8B1002F3BBB /* SFProText-RegularItalic.ttf */ = {isa = PBXFileReference; lastKnownFileType = file; path = "SFProText-RegularItalic.ttf"; sourceTree = "<group>"; };
		C171B80C250BD8B1002F3BBB /* SFProText-Medium.ttf */ = {isa = PBXFileReference; lastKnownFileType = file; path = "SFProText-Medium.ttf"; sourceTree = "<group>"; };
		C171B80D250BD8B1002F3BBB /* SFProText-BoldItalic.ttf */ = {isa = PBXFileReference; lastKnownFileType = file; path = "SFProText-BoldItalic.ttf"; sourceTree = "<group>"; };
		C17C5759250A18F50014D71B /* besomeone-native.app */ = {isa = PBXFileReference; explicitFileType = wrapper.application; includeInIndex = 0; path = "besomeone-native.app"; sourceTree = BUILT_PRODUCTS_DIR; };
		C17C575C250A18F50014D71B /* AppDelegate.swift */ = {isa = PBXFileReference; lastKnownFileType = sourcecode.swift; path = AppDelegate.swift; sourceTree = "<group>"; };
		C17C575E250A18F50014D71B /* SceneDelegate.swift */ = {isa = PBXFileReference; lastKnownFileType = sourcecode.swift; path = SceneDelegate.swift; sourceTree = "<group>"; };
		C17C5760250A18F50014D71B /* ContentView.swift */ = {isa = PBXFileReference; lastKnownFileType = sourcecode.swift; path = ContentView.swift; sourceTree = "<group>"; };
		C17C5762250A18FA0014D71B /* Assets.xcassets */ = {isa = PBXFileReference; lastKnownFileType = folder.assetcatalog; path = Assets.xcassets; sourceTree = "<group>"; };
		C17C5765250A18FA0014D71B /* Preview Assets.xcassets */ = {isa = PBXFileReference; lastKnownFileType = folder.assetcatalog; path = "Preview Assets.xcassets"; sourceTree = "<group>"; };
		C17C5768250A18FA0014D71B /* Base */ = {isa = PBXFileReference; lastKnownFileType = file.storyboard; name = Base; path = Base.lproj/LaunchScreen.storyboard; sourceTree = "<group>"; };
		C17C576A250A18FA0014D71B /* Info.plist */ = {isa = PBXFileReference; lastKnownFileType = text.plist.xml; path = Info.plist; sourceTree = "<group>"; };
		C17C576F250A18FA0014D71B /* besomeone-nativeTests.xctest */ = {isa = PBXFileReference; explicitFileType = wrapper.cfbundle; includeInIndex = 0; path = "besomeone-nativeTests.xctest"; sourceTree = BUILT_PRODUCTS_DIR; };
		C17C5773250A18FA0014D71B /* besomeone_nativeTests.swift */ = {isa = PBXFileReference; lastKnownFileType = sourcecode.swift; path = besomeone_nativeTests.swift; sourceTree = "<group>"; };
		C17C5775250A18FA0014D71B /* Info.plist */ = {isa = PBXFileReference; lastKnownFileType = text.plist.xml; path = Info.plist; sourceTree = "<group>"; };
		C17C577A250A18FA0014D71B /* besomeone-nativeUITests.xctest */ = {isa = PBXFileReference; explicitFileType = wrapper.cfbundle; includeInIndex = 0; path = "besomeone-nativeUITests.xctest"; sourceTree = BUILT_PRODUCTS_DIR; };
		C17C577E250A18FA0014D71B /* besomeone_nativeUITests.swift */ = {isa = PBXFileReference; lastKnownFileType = sourcecode.swift; path = besomeone_nativeUITests.swift; sourceTree = "<group>"; };
		C17C5780250A18FA0014D71B /* Info.plist */ = {isa = PBXFileReference; lastKnownFileType = text.plist.xml; path = Info.plist; sourceTree = "<group>"; };
		C17C578C250A52BD0014D71B /* ApiCaller.swift */ = {isa = PBXFileReference; lastKnownFileType = sourcecode.swift; path = ApiCaller.swift; sourceTree = "<group>"; };
		C18242612521E03F004DE14A /* BottomTab.swift */ = {isa = PBXFileReference; lastKnownFileType = sourcecode.swift; path = BottomTab.swift; sourceTree = "<group>"; };
		C18242632521EEBD004DE14A /* Profile.swift */ = {isa = PBXFileReference; lastKnownFileType = sourcecode.swift; path = Profile.swift; sourceTree = "<group>"; };
		C18242652521F802004DE14A /* SkillListTab.swift */ = {isa = PBXFileReference; lastKnownFileType = sourcecode.swift; path = SkillListTab.swift; sourceTree = "<group>"; };
		C182426725220337004DE14A /* Structures.swift */ = {isa = PBXFileReference; lastKnownFileType = sourcecode.swift; path = Structures.swift; sourceTree = "<group>"; };
		C19A8FDD251C53CC00B9CDAE /* UserSettings.swift */ = {isa = PBXFileReference; lastKnownFileType = sourcecode.swift; path = UserSettings.swift; sourceTree = "<group>"; };
		C1C5C28E2518B51400710D18 /* HostingController.swift */ = {isa = PBXFileReference; lastKnownFileType = sourcecode.swift; path = HostingController.swift; sourceTree = "<group>"; };
/* End PBXFileReference section */

/* Begin PBXFrameworksBuildPhase section */
		C17C5756250A18F50014D71B /* Frameworks */ = {
			isa = PBXFrameworksBuildPhase;
			buildActionMask = 2147483647;
			files = (
				C1C5C28D25188BD400710D18 /* URLImage in Frameworks */,
				C1C620FC251B62A600DE3E8E /* ActiveLabel in Frameworks */,
				C1C5C28A25185BC500710D18 /* Pages in Frameworks */,
			);
			runOnlyForDeploymentPostprocessing = 0;
		};
		C17C576C250A18FA0014D71B /* Frameworks */ = {
			isa = PBXFrameworksBuildPhase;
			buildActionMask = 2147483647;
			files = (
			);
			runOnlyForDeploymentPostprocessing = 0;
		};
		C17C5777250A18FA0014D71B /* Frameworks */ = {
			isa = PBXFrameworksBuildPhase;
			buildActionMask = 2147483647;
			files = (
			);
			runOnlyForDeploymentPostprocessing = 0;
		};
/* End PBXFrameworksBuildPhase section */

/* Begin PBXGroup section */
		C170E8BA250B573B001D49F5 /* Components */ = {
			isa = PBXGroup;
			children = (
			);
			path = Components;
			sourceTree = "<group>";
		};
		C170E8BB250B5754001D49F5 /* Screens */ = {
			isa = PBXGroup;
			children = (
			);
			path = Screens;
			sourceTree = "<group>";
		};
		C170E8BC250B575B001D49F5 /* Services */ = {
			isa = PBXGroup;
			children = (
			);
			path = Services;
			sourceTree = "<group>";
		};
		C171B806250BD898002F3BBB /* Fonts */ = {
			isa = PBXGroup;
			children = (
				C171B80A250BD8B1002F3BBB /* SFProDisplay-Bold.ttf */,
				C171B809250BD8B1002F3BBB /* SFProText-Bold.ttf */,
				C171B80D250BD8B1002F3BBB /* SFProText-BoldItalic.ttf */,
				C171B80C250BD8B1002F3BBB /* SFProText-Medium.ttf */,
				C171B807250BD8B1002F3BBB /* SFProText-Regular.ttf */,
				C171B80B250BD8B1002F3BBB /* SFProText-RegularItalic.ttf */,
				C171B808250BD8B1002F3BBB /* SFProText-Semibold.ttf */,
			);
			path = Fonts;
			sourceTree = "<group>";
		};
		C17C5750250A18F50014D71B = {
			isa = PBXGroup;
			children = (
				C17C575B250A18F50014D71B /* besomeone-native */,
				C17C5772250A18FA0014D71B /* besomeone-nativeTests */,
				C17C577D250A18FA0014D71B /* besomeone-nativeUITests */,
				C17C575A250A18F50014D71B /* Products */,
			);
			sourceTree = "<group>";
		};
		C17C575A250A18F50014D71B /* Products */ = {
			isa = PBXGroup;
			children = (
				C17C5759250A18F50014D71B /* besomeone-native.app */,
				C17C576F250A18FA0014D71B /* besomeone-nativeTests.xctest */,
				C17C577A250A18FA0014D71B /* besomeone-nativeUITests.xctest */,
			);
			name = Products;
			sourceTree = "<group>";
		};
		C17C575B250A18F50014D71B /* besomeone-native */ = {
			isa = PBXGroup;
			children = (
				C171B806250BD898002F3BBB /* Fonts */,
				C170E8BC250B575B001D49F5 /* Services */,
				C170E8BB250B5754001D49F5 /* Screens */,
				C170E8BA250B573B001D49F5 /* Components */,
				C17C575C250A18F50014D71B /* AppDelegate.swift */,
				C17C575E250A18F50014D71B /* SceneDelegate.swift */,
				C19A8FDD251C53CC00B9CDAE /* UserSettings.swift */,
				C153FF57251A165900CD265D /* ImageView.swift */,
				C18242632521EEBD004DE14A /* Profile.swift */,
				C153FF5B251A1C4B00CD265D /* FeedDetailView.swift */,
				C18242652521F802004DE14A /* SkillListTab.swift */,
				C170E8BD250B5A2F001D49F5 /* FeedCard.swift */,
				C182426725220337004DE14A /* Structures.swift */,
				C18242612521E03F004DE14A /* BottomTab.swift */,
				C153FF59251A189F00CD265D /* Feeds.swift */,
				C170E8BF250B85C4001D49F5 /* ImageCarousalView.swift */,
				C17C578C250A52BD0014D71B /* ApiCaller.swift */,
				C1C5C28E2518B51400710D18 /* HostingController.swift */,
				C17C5760250A18F50014D71B /* ContentView.swift */,
				C153FF55251A15E300CD265D /* PageControl.swift */,
				C17C5762250A18FA0014D71B /* Assets.xcassets */,
				C17C5767250A18FA0014D71B /* LaunchScreen.storyboard */,
				C17C576A250A18FA0014D71B /* Info.plist */,
				C17C5764250A18FA0014D71B /* Preview Content */,
			);
			path = "besomeone-native";
			sourceTree = "<group>";
		};
		C17C5764250A18FA0014D71B /* Preview Content */ = {
			isa = PBXGroup;
			children = (
				C17C5765250A18FA0014D71B /* Preview Assets.xcassets */,
			);
			path = "Preview Content";
			sourceTree = "<group>";
		};
		C17C5772250A18FA0014D71B /* besomeone-nativeTests */ = {
			isa = PBXGroup;
			children = (
				C17C5773250A18FA0014D71B /* besomeone_nativeTests.swift */,
				C17C5775250A18FA0014D71B /* Info.plist */,
			);
			path = "besomeone-nativeTests";
			sourceTree = "<group>";
		};
		C17C577D250A18FA0014D71B /* besomeone-nativeUITests */ = {
			isa = PBXGroup;
			children = (
				C17C577E250A18FA0014D71B /* besomeone_nativeUITests.swift */,
				C17C5780250A18FA0014D71B /* Info.plist */,
			);
			path = "besomeone-nativeUITests";
			sourceTree = "<group>";
		};
/* End PBXGroup section */

/* Begin PBXNativeTarget section */
		C17C5758250A18F50014D71B /* besomeone-native */ = {
			isa = PBXNativeTarget;
			buildConfigurationList = C17C5783250A18FA0014D71B /* Build configuration list for PBXNativeTarget "besomeone-native" */;
			buildPhases = (
				C17C5755250A18F50014D71B /* Sources */,
				C17C5756250A18F50014D71B /* Frameworks */,
				C17C5757250A18F50014D71B /* Resources */,
			);
			buildRules = (
			);
			dependencies = (
			);
			name = "besomeone-native";
			packageProductDependencies = (
				C1C5C28925185BC500710D18 /* Pages */,
				C1C5C28C25188BD400710D18 /* URLImage */,
				C1C620FB251B62A600DE3E8E /* ActiveLabel */,
			);
			productName = "besomeone-native";
			productReference = C17C5759250A18F50014D71B /* besomeone-native.app */;
			productType = "com.apple.product-type.application";
		};
		C17C576E250A18FA0014D71B /* besomeone-nativeTests */ = {
			isa = PBXNativeTarget;
			buildConfigurationList = C17C5786250A18FA0014D71B /* Build configuration list for PBXNativeTarget "besomeone-nativeTests" */;
			buildPhases = (
				C17C576B250A18FA0014D71B /* Sources */,
				C17C576C250A18FA0014D71B /* Frameworks */,
				C17C576D250A18FA0014D71B /* Resources */,
			);
			buildRules = (
			);
			dependencies = (
				C17C5771250A18FA0014D71B /* PBXTargetDependency */,
			);
			name = "besomeone-nativeTests";
			productName = "besomeone-nativeTests";
			productReference = C17C576F250A18FA0014D71B /* besomeone-nativeTests.xctest */;
			productType = "com.apple.product-type.bundle.unit-test";
		};
		C17C5779250A18FA0014D71B /* besomeone-nativeUITests */ = {
			isa = PBXNativeTarget;
			buildConfigurationList = C17C5789250A18FA0014D71B /* Build configuration list for PBXNativeTarget "besomeone-nativeUITests" */;
			buildPhases = (
				C17C5776250A18FA0014D71B /* Sources */,
				C17C5777250A18FA0014D71B /* Frameworks */,
				C17C5778250A18FA0014D71B /* Resources */,
			);
			buildRules = (
			);
			dependencies = (
				C17C577C250A18FA0014D71B /* PBXTargetDependency */,
			);
			name = "besomeone-nativeUITests";
			productName = "besomeone-nativeUITests";
			productReference = C17C577A250A18FA0014D71B /* besomeone-nativeUITests.xctest */;
			productType = "com.apple.product-type.bundle.ui-testing";
		};
/* End PBXNativeTarget section */

/* Begin PBXProject section */
		C17C5751250A18F50014D71B /* Project object */ = {
			isa = PBXProject;
			attributes = {
				LastSwiftUpdateCheck = 1140;
				LastUpgradeCheck = 1140;
				ORGANIZATIONNAME = "Zaya Developer";
				TargetAttributes = {
					C17C5758250A18F50014D71B = {
						CreatedOnToolsVersion = 11.4.1;
					};
					C17C576E250A18FA0014D71B = {
						CreatedOnToolsVersion = 11.4.1;
						TestTargetID = C17C5758250A18F50014D71B;
					};
					C17C5779250A18FA0014D71B = {
						CreatedOnToolsVersion = 11.4.1;
						TestTargetID = C17C5758250A18F50014D71B;
					};
				};
			};
			buildConfigurationList = C17C5754250A18F50014D71B /* Build configuration list for PBXProject "besomeone-native" */;
			compatibilityVersion = "Xcode 9.3";
			developmentRegion = en;
			hasScannedForEncodings = 0;
			knownRegions = (
				en,
				Base,
			);
			mainGroup = C17C5750250A18F50014D71B;
			packageReferences = (
				C1C5C28825185BC500710D18 /* XCRemoteSwiftPackageReference "Pages" */,
				C1C5C28B25188BD400710D18 /* XCRemoteSwiftPackageReference "url-image" */,
				C1C620FA251B62A600DE3E8E /* XCRemoteSwiftPackageReference "ActiveLabel" */,
			);
			productRefGroup = C17C575A250A18F50014D71B /* Products */;
			projectDirPath = "";
			projectRoot = "";
			targets = (
				C17C5758250A18F50014D71B /* besomeone-native */,
				C17C576E250A18FA0014D71B /* besomeone-nativeTests */,
				C17C5779250A18FA0014D71B /* besomeone-nativeUITests */,
			);
		};
/* End PBXProject section */

/* Begin PBXResourcesBuildPhase section */
		C17C5757250A18F50014D71B /* Resources */ = {
			isa = PBXResourcesBuildPhase;
			buildActionMask = 2147483647;
			files = (
				C171B813250BD8B1002F3BBB /* SFProText-Medium.ttf in Resources */,
				C17C5769250A18FA0014D71B /* LaunchScreen.storyboard in Resources */,
				C171B810250BD8B1002F3BBB /* SFProText-Bold.ttf in Resources */,
				C17C5766250A18FA0014D71B /* Preview Assets.xcassets in Resources */,
				C171B812250BD8B1002F3BBB /* SFProText-RegularItalic.ttf in Resources */,
				C17C5763250A18FA0014D71B /* Assets.xcassets in Resources */,
				C171B811250BD8B1002F3BBB /* SFProDisplay-Bold.ttf in Resources */,
				C171B814250BD8B1002F3BBB /* SFProText-BoldItalic.ttf in Resources */,
				C171B80F250BD8B1002F3BBB /* SFProText-Semibold.ttf in Resources */,
				C171B80E250BD8B1002F3BBB /* SFProText-Regular.ttf in Resources */,
			);
			runOnlyForDeploymentPostprocessing = 0;
		};
		C17C576D250A18FA0014D71B /* Resources */ = {
			isa = PBXResourcesBuildPhase;
			buildActionMask = 2147483647;
			files = (
			);
			runOnlyForDeploymentPostprocessing = 0;
		};
		C17C5778250A18FA0014D71B /* Resources */ = {
			isa = PBXResourcesBuildPhase;
			buildActionMask = 2147483647;
			files = (
			);
			runOnlyForDeploymentPostprocessing = 0;
		};
/* End PBXResourcesBuildPhase section */

/* Begin PBXSourcesBuildPhase section */
		C17C5755250A18F50014D71B /* Sources */ = {
			isa = PBXSourcesBuildPhase;
			buildActionMask = 2147483647;
			files = (
				C170E8C0250B85C4001D49F5 /* ImageCarousalView.swift in Sources */,
				C19A8FDE251C53CC00B9CDAE /* UserSettings.swift in Sources */,
				C17C575D250A18F50014D71B /* AppDelegate.swift in Sources */,
				C1C5C28F2518B51400710D18 /* HostingController.swift in Sources */,
				C18242622521E03F004DE14A /* BottomTab.swift in Sources */,
				C170E8BE250B5A2F001D49F5 /* FeedCard.swift in Sources */,
				C153FF56251A15E300CD265D /* PageControl.swift in Sources */,
				C17C575F250A18F50014D71B /* SceneDelegate.swift in Sources */,
				C18242662521F802004DE14A /* SkillListTab.swift in Sources */,
				C153FF58251A165900CD265D /* ImageView.swift in Sources */,
				C153FF5A251A189F00CD265D /* Feeds.swift in Sources */,
				C17C5761250A18F50014D71B /* ContentView.swift in Sources */,
				C17C578D250A52BD0014D71B /* ApiCaller.swift in Sources */,
				C153FF5C251A1C4B00CD265D /* FeedDetailView.swift in Sources */,
				C18242642521EEBD004DE14A /* Profile.swift in Sources */,
				C182426825220337004DE14A /* Structures.swift in Sources */,
			);
			runOnlyForDeploymentPostprocessing = 0;
		};
		C17C576B250A18FA0014D71B /* Sources */ = {
			isa = PBXSourcesBuildPhase;
			buildActionMask = 2147483647;
			files = (
				C17C5774250A18FA0014D71B /* besomeone_nativeTests.swift in Sources */,
			);
			runOnlyForDeploymentPostprocessing = 0;
		};
		C17C5776250A18FA0014D71B /* Sources */ = {
			isa = PBXSourcesBuildPhase;
			buildActionMask = 2147483647;
			files = (
				C17C577F250A18FA0014D71B /* besomeone_nativeUITests.swift in Sources */,
			);
			runOnlyForDeploymentPostprocessing = 0;
		};
/* End PBXSourcesBuildPhase section */

/* Begin PBXTargetDependency section */
		C17C5771250A18FA0014D71B /* PBXTargetDependency */ = {
			isa = PBXTargetDependency;
			target = C17C5758250A18F50014D71B /* besomeone-native */;
			targetProxy = C17C5770250A18FA0014D71B /* PBXContainerItemProxy */;
		};
		C17C577C250A18FA0014D71B /* PBXTargetDependency */ = {
			isa = PBXTargetDependency;
			target = C17C5758250A18F50014D71B /* besomeone-native */;
			targetProxy = C17C577B250A18FA0014D71B /* PBXContainerItemProxy */;
		};
/* End PBXTargetDependency section */

/* Begin PBXVariantGroup section */
		C17C5767250A18FA0014D71B /* LaunchScreen.storyboard */ = {
			isa = PBXVariantGroup;
			children = (
				C17C5768250A18FA0014D71B /* Base */,
			);
			name = LaunchScreen.storyboard;
			sourceTree = "<group>";
		};
/* End PBXVariantGroup section */

/* Begin XCBuildConfiguration section */
		C17C5781250A18FA0014D71B /* Debug */ = {
			isa = XCBuildConfiguration;
			buildSettings = {
				ALWAYS_SEARCH_USER_PATHS = NO;
				CLANG_ANALYZER_NONNULL = YES;
				CLANG_ANALYZER_NUMBER_OBJECT_CONVERSION = YES_AGGRESSIVE;
				CLANG_CXX_LANGUAGE_STANDARD = "gnu++14";
				CLANG_CXX_LIBRARY = "libc++";
				CLANG_ENABLE_MODULES = YES;
				CLANG_ENABLE_OBJC_ARC = YES;
				CLANG_ENABLE_OBJC_WEAK = YES;
				CLANG_WARN_BLOCK_CAPTURE_AUTORELEASING = YES;
				CLANG_WARN_BOOL_CONVERSION = YES;
				CLANG_WARN_COMMA = YES;
				CLANG_WARN_CONSTANT_CONVERSION = YES;
				CLANG_WARN_DEPRECATED_OBJC_IMPLEMENTATIONS = YES;
				CLANG_WARN_DIRECT_OBJC_ISA_USAGE = YES_ERROR;
				CLANG_WARN_DOCUMENTATION_COMMENTS = YES;
				CLANG_WARN_EMPTY_BODY = YES;
				CLANG_WARN_ENUM_CONVERSION = YES;
				CLANG_WARN_INFINITE_RECURSION = YES;
				CLANG_WARN_INT_CONVERSION = YES;
				CLANG_WARN_NON_LITERAL_NULL_CONVERSION = YES;
				CLANG_WARN_OBJC_IMPLICIT_RETAIN_SELF = YES;
				CLANG_WARN_OBJC_LITERAL_CONVERSION = YES;
				CLANG_WARN_OBJC_ROOT_CLASS = YES_ERROR;
				CLANG_WARN_RANGE_LOOP_ANALYSIS = YES;
				CLANG_WARN_STRICT_PROTOTYPES = YES;
				CLANG_WARN_SUSPICIOUS_MOVE = YES;
				CLANG_WARN_UNGUARDED_AVAILABILITY = YES_AGGRESSIVE;
				CLANG_WARN_UNREACHABLE_CODE = YES;
				CLANG_WARN__DUPLICATE_METHOD_MATCH = YES;
				COPY_PHASE_STRIP = NO;
				DEBUG_INFORMATION_FORMAT = dwarf;
				ENABLE_STRICT_OBJC_MSGSEND = YES;
				ENABLE_TESTABILITY = YES;
				GCC_C_LANGUAGE_STANDARD = gnu11;
				GCC_DYNAMIC_NO_PIC = NO;
				GCC_NO_COMMON_BLOCKS = YES;
				GCC_OPTIMIZATION_LEVEL = 0;
				GCC_PREPROCESSOR_DEFINITIONS = (
					"DEBUG=1",
					"$(inherited)",
				);
				GCC_WARN_64_TO_32_BIT_CONVERSION = YES;
				GCC_WARN_ABOUT_RETURN_TYPE = YES_ERROR;
				GCC_WARN_UNDECLARED_SELECTOR = YES;
				GCC_WARN_UNINITIALIZED_AUTOS = YES_AGGRESSIVE;
				GCC_WARN_UNUSED_FUNCTION = YES;
				GCC_WARN_UNUSED_VARIABLE = YES;
				IPHONEOS_DEPLOYMENT_TARGET = 13.4;
				MTL_ENABLE_DEBUG_INFO = INCLUDE_SOURCE;
				MTL_FAST_MATH = YES;
				ONLY_ACTIVE_ARCH = YES;
				SDKROOT = iphoneos;
				SWIFT_ACTIVE_COMPILATION_CONDITIONS = DEBUG;
				SWIFT_OPTIMIZATION_LEVEL = "-Onone";
			};
			name = Debug;
		};
		C17C5782250A18FA0014D71B /* Release */ = {
			isa = XCBuildConfiguration;
			buildSettings = {
				ALWAYS_SEARCH_USER_PATHS = NO;
				CLANG_ANALYZER_NONNULL = YES;
				CLANG_ANALYZER_NUMBER_OBJECT_CONVERSION = YES_AGGRESSIVE;
				CLANG_CXX_LANGUAGE_STANDARD = "gnu++14";
				CLANG_CXX_LIBRARY = "libc++";
				CLANG_ENABLE_MODULES = YES;
				CLANG_ENABLE_OBJC_ARC = YES;
				CLANG_ENABLE_OBJC_WEAK = YES;
				CLANG_WARN_BLOCK_CAPTURE_AUTORELEASING = YES;
				CLANG_WARN_BOOL_CONVERSION = YES;
				CLANG_WARN_COMMA = YES;
				CLANG_WARN_CONSTANT_CONVERSION = YES;
				CLANG_WARN_DEPRECATED_OBJC_IMPLEMENTATIONS = YES;
				CLANG_WARN_DIRECT_OBJC_ISA_USAGE = YES_ERROR;
				CLANG_WARN_DOCUMENTATION_COMMENTS = YES;
				CLANG_WARN_EMPTY_BODY = YES;
				CLANG_WARN_ENUM_CONVERSION = YES;
				CLANG_WARN_INFINITE_RECURSION = YES;
				CLANG_WARN_INT_CONVERSION = YES;
				CLANG_WARN_NON_LITERAL_NULL_CONVERSION = YES;
				CLANG_WARN_OBJC_IMPLICIT_RETAIN_SELF = YES;
				CLANG_WARN_OBJC_LITERAL_CONVERSION = YES;
				CLANG_WARN_OBJC_ROOT_CLASS = YES_ERROR;
				CLANG_WARN_RANGE_LOOP_ANALYSIS = YES;
				CLANG_WARN_STRICT_PROTOTYPES = YES;
				CLANG_WARN_SUSPICIOUS_MOVE = YES;
				CLANG_WARN_UNGUARDED_AVAILABILITY = YES_AGGRESSIVE;
				CLANG_WARN_UNREACHABLE_CODE = YES;
				CLANG_WARN__DUPLICATE_METHOD_MATCH = YES;
				COPY_PHASE_STRIP = NO;
				DEBUG_INFORMATION_FORMAT = "dwarf-with-dsym";
				ENABLE_NS_ASSERTIONS = NO;
				ENABLE_STRICT_OBJC_MSGSEND = YES;
				GCC_C_LANGUAGE_STANDARD = gnu11;
				GCC_NO_COMMON_BLOCKS = YES;
				GCC_WARN_64_TO_32_BIT_CONVERSION = YES;
				GCC_WARN_ABOUT_RETURN_TYPE = YES_ERROR;
				GCC_WARN_UNDECLARED_SELECTOR = YES;
				GCC_WARN_UNINITIALIZED_AUTOS = YES_AGGRESSIVE;
				GCC_WARN_UNUSED_FUNCTION = YES;
				GCC_WARN_UNUSED_VARIABLE = YES;
				IPHONEOS_DEPLOYMENT_TARGET = 13.4;
				MTL_ENABLE_DEBUG_INFO = NO;
				MTL_FAST_MATH = YES;
				SDKROOT = iphoneos;
				SWIFT_COMPILATION_MODE = wholemodule;
				SWIFT_OPTIMIZATION_LEVEL = "-O";
				VALIDATE_PRODUCT = YES;
			};
			name = Release;
		};
		C17C5784250A18FA0014D71B /* Debug */ = {
			isa = XCBuildConfiguration;
			buildSettings = {
				ASSETCATALOG_COMPILER_APPICON_NAME = AppIcon;
				CODE_SIGN_STYLE = Automatic;
				DEVELOPMENT_ASSET_PATHS = "\"besomeone-native/Preview Content\"";
				DEVELOPMENT_TEAM = MC3AU94BYP;
				ENABLE_PREVIEWS = YES;
				INFOPLIST_FILE = "besomeone-native/Info.plist";
				LD_RUNPATH_SEARCH_PATHS = (
					"$(inherited)",
					"@executable_path/Frameworks",
				);
				PRODUCT_BUNDLE_IDENTIFIER = "in.zaya.besomeone-native";
				PRODUCT_NAME = "$(TARGET_NAME)";
				SWIFT_VERSION = 5.0;
				TARGETED_DEVICE_FAMILY = "1,2";
			};
			name = Debug;
		};
		C17C5785250A18FA0014D71B /* Release */ = {
			isa = XCBuildConfiguration;
			buildSettings = {
				ASSETCATALOG_COMPILER_APPICON_NAME = AppIcon;
				CODE_SIGN_STYLE = Automatic;
				DEVELOPMENT_ASSET_PATHS = "\"besomeone-native/Preview Content\"";
				DEVELOPMENT_TEAM = MC3AU94BYP;
				ENABLE_PREVIEWS = YES;
				INFOPLIST_FILE = "besomeone-native/Info.plist";
				LD_RUNPATH_SEARCH_PATHS = (
					"$(inherited)",
					"@executable_path/Frameworks",
				);
				PRODUCT_BUNDLE_IDENTIFIER = "in.zaya.besomeone-native";
				PRODUCT_NAME = "$(TARGET_NAME)";
				SWIFT_VERSION = 5.0;
				TARGETED_DEVICE_FAMILY = "1,2";
			};
			name = Release;
		};
		C17C5787250A18FA0014D71B /* Debug */ = {
			isa = XCBuildConfiguration;
			buildSettings = {
				ALWAYS_EMBED_SWIFT_STANDARD_LIBRARIES = YES;
				BUNDLE_LOADER = "$(TEST_HOST)";
				CODE_SIGN_STYLE = Automatic;
				DEVELOPMENT_TEAM = MC3AU94BYP;
				INFOPLIST_FILE = "besomeone-nativeTests/Info.plist";
				IPHONEOS_DEPLOYMENT_TARGET = 13.4;
				LD_RUNPATH_SEARCH_PATHS = (
					"$(inherited)",
					"@executable_path/Frameworks",
					"@loader_path/Frameworks",
				);
				PRODUCT_BUNDLE_IDENTIFIER = "in.zaya.besomeone-nativeTests";
				PRODUCT_NAME = "$(TARGET_NAME)";
				SWIFT_VERSION = 5.0;
				TARGETED_DEVICE_FAMILY = "1,2";
				TEST_HOST = "$(BUILT_PRODUCTS_DIR)/besomeone-native.app/besomeone-native";
			};
			name = Debug;
		};
		C17C5788250A18FA0014D71B /* Release */ = {
			isa = XCBuildConfiguration;
			buildSettings = {
				ALWAYS_EMBED_SWIFT_STANDARD_LIBRARIES = YES;
				BUNDLE_LOADER = "$(TEST_HOST)";
				CODE_SIGN_STYLE = Automatic;
				DEVELOPMENT_TEAM = MC3AU94BYP;
				INFOPLIST_FILE = "besomeone-nativeTests/Info.plist";
				IPHONEOS_DEPLOYMENT_TARGET = 13.4;
				LD_RUNPATH_SEARCH_PATHS = (
					"$(inherited)",
					"@executable_path/Frameworks",
					"@loader_path/Frameworks",
				);
				PRODUCT_BUNDLE_IDENTIFIER = "in.zaya.besomeone-nativeTests";
				PRODUCT_NAME = "$(TARGET_NAME)";
				SWIFT_VERSION = 5.0;
				TARGETED_DEVICE_FAMILY = "1,2";
				TEST_HOST = "$(BUILT_PRODUCTS_DIR)/besomeone-native.app/besomeone-native";
			};
			name = Release;
		};
		C17C578A250A18FA0014D71B /* Debug */ = {
			isa = XCBuildConfiguration;
			buildSettings = {
				ALWAYS_EMBED_SWIFT_STANDARD_LIBRARIES = YES;
				CODE_SIGN_STYLE = Automatic;
				DEVELOPMENT_TEAM = MC3AU94BYP;
				INFOPLIST_FILE = "besomeone-nativeUITests/Info.plist";
				LD_RUNPATH_SEARCH_PATHS = (
					"$(inherited)",
					"@executable_path/Frameworks",
					"@loader_path/Frameworks",
				);
				PRODUCT_BUNDLE_IDENTIFIER = "in.zaya.besomeone-nativeUITests";
				PRODUCT_NAME = "$(TARGET_NAME)";
				SWIFT_VERSION = 5.0;
				TARGETED_DEVICE_FAMILY = "1,2";
				TEST_TARGET_NAME = "besomeone-native";
			};
			name = Debug;
		};
		C17C578B250A18FA0014D71B /* Release */ = {
			isa = XCBuildConfiguration;
			buildSettings = {
				ALWAYS_EMBED_SWIFT_STANDARD_LIBRARIES = YES;
				CODE_SIGN_STYLE = Automatic;
				DEVELOPMENT_TEAM = MC3AU94BYP;
				INFOPLIST_FILE = "besomeone-nativeUITests/Info.plist";
				LD_RUNPATH_SEARCH_PATHS = (
					"$(inherited)",
					"@executable_path/Frameworks",
					"@loader_path/Frameworks",
				);
				PRODUCT_BUNDLE_IDENTIFIER = "in.zaya.besomeone-nativeUITests";
				PRODUCT_NAME = "$(TARGET_NAME)";
				SWIFT_VERSION = 5.0;
				TARGETED_DEVICE_FAMILY = "1,2";
				TEST_TARGET_NAME = "besomeone-native";
			};
			name = Release;
		};
/* End XCBuildConfiguration section */

/* Begin XCConfigurationList section */
		C17C5754250A18F50014D71B /* Build configuration list for PBXProject "besomeone-native" */ = {
			isa = XCConfigurationList;
			buildConfigurations = (
				C17C5781250A18FA0014D71B /* Debug */,
				C17C5782250A18FA0014D71B /* Release */,
			);
			defaultConfigurationIsVisible = 0;
			defaultConfigurationName = Release;
		};
		C17C5783250A18FA0014D71B /* Build configuration list for PBXNativeTarget "besomeone-native" */ = {
			isa = XCConfigurationList;
			buildConfigurations = (
				C17C5784250A18FA0014D71B /* Debug */,
				C17C5785250A18FA0014D71B /* Release */,
			);
			defaultConfigurationIsVisible = 0;
			defaultConfigurationName = Release;
		};
		C17C5786250A18FA0014D71B /* Build configuration list for PBXNativeTarget "besomeone-nativeTests" */ = {
			isa = XCConfigurationList;
			buildConfigurations = (
				C17C5787250A18FA0014D71B /* Debug */,
				C17C5788250A18FA0014D71B /* Release */,
			);
			defaultConfigurationIsVisible = 0;
			defaultConfigurationName = Release;
		};
		C17C5789250A18FA0014D71B /* Build configuration list for PBXNativeTarget "besomeone-nativeUITests" */ = {
			isa = XCConfigurationList;
			buildConfigurations = (
				C17C578A250A18FA0014D71B /* Debug */,
				C17C578B250A18FA0014D71B /* Release */,
			);
			defaultConfigurationIsVisible = 0;
			defaultConfigurationName = Release;
		};
/* End XCConfigurationList section */

/* Begin XCRemoteSwiftPackageReference section */
		C1C5C28825185BC500710D18 /* XCRemoteSwiftPackageReference "Pages" */ = {
			isa = XCRemoteSwiftPackageReference;
			repositoryURL = "https://github.com/nachonavarro/Pages";
			requirement = {
				kind = upToNextMajorVersion;
				minimumVersion = 0.1.5;
			};
		};
		C1C5C28B25188BD400710D18 /* XCRemoteSwiftPackageReference "url-image" */ = {
			isa = XCRemoteSwiftPackageReference;
			repositoryURL = "https://github.com/dmytro-anokhin/url-image.git";
			requirement = {
				kind = upToNextMajorVersion;
				minimumVersion = 0.9.19;
			};
		};
		C1C620FA251B62A600DE3E8E /* XCRemoteSwiftPackageReference "ActiveLabel" */ = {
			isa = XCRemoteSwiftPackageReference;
			repositoryURL = "https://github.com/optonaut/ActiveLabel.swift";
			requirement = {
				kind = upToNextMajorVersion;
				minimumVersion = 1.1.0;
			};
		};
/* End XCRemoteSwiftPackageReference section */

/* Begin XCSwiftPackageProductDependency section */
		C1C5C28925185BC500710D18 /* Pages */ = {
			isa = XCSwiftPackageProductDependency;
			package = C1C5C28825185BC500710D18 /* XCRemoteSwiftPackageReference "Pages" */;
			productName = Pages;
		};
		C1C5C28C25188BD400710D18 /* URLImage */ = {
			isa = XCSwiftPackageProductDependency;
			package = C1C5C28B25188BD400710D18 /* XCRemoteSwiftPackageReference "url-image" */;
			productName = URLImage;
		};
		C1C620FB251B62A600DE3E8E /* ActiveLabel */ = {
			isa = XCSwiftPackageProductDependency;
			package = C1C620FA251B62A600DE3E8E /* XCRemoteSwiftPackageReference "ActiveLabel" */;
			productName = ActiveLabel;
		};
/* End XCSwiftPackageProductDependency section */
	};
	rootObject = C17C5751250A18F50014D71B /* Project object */;
}
